
Microsoft Visual Studio Solution File, Format Version 12.00
# Visual Studio Version 16
VisualStudioVersion = 16.0.30002.166
MinimumVisualStudioVersion = 10.0.40219.1
Project("{FAE04EC0-301F-11D3-BF4B-00C04F79EFBC}") = "SchoolProject", "SchoolProject.csproj", "{0275A45A-FFB1-446D-9EB5-F5CF217A3D4E}"
EndProject
Global
	GlobalSection(SolutionConfigurationPlatforms) = preSolution
		Debug|Any CPU = Debug|Any CPU
		Release|Any CPU = Release|Any CPU
	EndGlobalSection
	GlobalSection(ProjectConfigurationPlatforms) = postSolution
		{0275A45A-FFB1-446D-9EB5-F5CF217A3D4E}.Debug|Any CPU.ActiveCfg = Debug|Any CPU
		{0275A45A-FFB1-446D-9EB5-F5CF217A3D4E}.Debug|Any CPU.Build.0 = Debug|Any CPU
		{0275A45A-FFB1-446D-9EB5-F5CF217A3D4E}.Release|Any CPU.ActiveCfg = Release|Any CPU
		{0275A45A-FFB1-446D-9EB5-F5CF217A3D4E}.Release|Any CPU.Build.0 = Release|Any CPU
	EndGlobalSection
	GlobalSection(SolutionProperties) = preSolution
		HideSolutionNode = FALSE
	EndGlobalSection
	GlobalSection(ExtensibilityGlobals) = postSolution
		SolutionGuid = {747F8648-C23D-4CDD-87F5-562E1AB7D1CD}
	EndGlobalSection
EndGlobal
